// !$*UTF8*$!
{
	archiveVersion = 1;
	classes = {
	};
	objectVersion = 51;
	objects = {

/* Begin PBXBuildFile section */
		D8A9A60E92CB191E8A88F4BB /* Pods_eShop.framework in Frameworks */ = {isa = PBXBuildFile; fileRef = E1A7AD85FC49855E97511D5A /* Pods_eShop.framework */; };
		F47230EF24B83EAF00922E24 /* AppDelegate.swift in Sources */ = {isa = PBXBuildFile; fileRef = F47230EE24B83EAF00922E24 /* AppDelegate.swift */; };
		F47230F124B83EAF00922E24 /* SceneDelegate.swift in Sources */ = {isa = PBXBuildFile; fileRef = F47230F024B83EAF00922E24 /* SceneDelegate.swift */; };
		F47230F624B83EAF00922E24 /* Main.storyboard in Resources */ = {isa = PBXBuildFile; fileRef = F47230F424B83EAF00922E24 /* Main.storyboard */; };
		F47230F824B83EB000922E24 /* Assets.xcassets in Resources */ = {isa = PBXBuildFile; fileRef = F47230F724B83EB000922E24 /* Assets.xcassets */; };
		F47230FB24B83EB000922E24 /* LaunchScreen.storyboard in Resources */ = {isa = PBXBuildFile; fileRef = F47230F924B83EB000922E24 /* LaunchScreen.storyboard */; };
		F47B16C324D3E86800A48414 /* ItemsTableViewController.swift in Sources */ = {isa = PBXBuildFile; fileRef = F47B16C224D3E86800A48414 /* ItemsTableViewController.swift */; };
		F47B16C724D4155400A48414 /* Item.swift in Sources */ = {isa = PBXBuildFile; fileRef = F47B16C624D4155400A48414 /* Item.swift */; };
		F490BD0C24D10D1300C26C9E /* CategoryCollectionViewController.swift in Sources */ = {isa = PBXBuildFile; fileRef = F490BD0B24D10D1300C26C9E /* CategoryCollectionViewController.swift */; };
		F490BD0E24D10F3300C26C9E /* CategoryCollectionViewCell.swift in Sources */ = {isa = PBXBuildFile; fileRef = F490BD0D24D10F3300C26C9E /* CategoryCollectionViewCell.swift */; };
		F490BD1024D1109C00C26C9E /* GoogleService-Info.plist in Resources */ = {isa = PBXBuildFile; fileRef = F490BD0F24D1109C00C26C9E /* GoogleService-Info.plist */; };
		F490BD1224D114CF00C26C9E /* FirebaseCollectionReference.swift in Sources */ = {isa = PBXBuildFile; fileRef = F490BD1124D114CF00C26C9E /* FirebaseCollectionReference.swift */; };
		F490BD1824D1176800C26C9E /* Category.swift in Sources */ = {isa = PBXBuildFile; fileRef = F490BD1724D1176800C26C9E /* Category.swift */; };
		F490BD1A24D1193300C26C9E /* Constants.swift in Sources */ = {isa = PBXBuildFile; fileRef = F490BD1924D1193300C26C9E /* Constants.swift */; };
/* End PBXBuildFile section */

/* Begin PBXFileReference section */
		36CD50F5C39582EF68601AB6 /* Pods-eShop.debug.xcconfig */ = {isa = PBXFileReference; includeInIndex = 1; lastKnownFileType = text.xcconfig; name = "Pods-eShop.debug.xcconfig"; path = "Target Support Files/Pods-eShop/Pods-eShop.debug.xcconfig"; sourceTree = "<group>"; };
		888B62E0CF29874E25586319 /* Pods-eShop.release.xcconfig */ = {isa = PBXFileReference; includeInIndex = 1; lastKnownFileType = text.xcconfig; name = "Pods-eShop.release.xcconfig"; path = "Target Support Files/Pods-eShop/Pods-eShop.release.xcconfig"; sourceTree = "<group>"; };
		E1A7AD85FC49855E97511D5A /* Pods_eShop.framework */ = {isa = PBXFileReference; explicitFileType = wrapper.framework; includeInIndex = 0; path = Pods_eShop.framework; sourceTree = BUILT_PRODUCTS_DIR; };
		F47230EB24B83EAF00922E24 /* eShop.app */ = {isa = PBXFileReference; explicitFileType = wrapper.application; includeInIndex = 0; path = eShop.app; sourceTree = BUILT_PRODUCTS_DIR; };
		F47230EE24B83EAF00922E24 /* AppDelegate.swift */ = {isa = PBXFileReference; lastKnownFileType = sourcecode.swift; path = AppDelegate.swift; sourceTree = "<group>"; };
		F47230F024B83EAF00922E24 /* SceneDelegate.swift */ = {isa = PBXFileReference; lastKnownFileType = sourcecode.swift; path = SceneDelegate.swift; sourceTree = "<group>"; };
		F47230F524B83EAF00922E24 /* Base */ = {isa = PBXFileReference; lastKnownFileType = file.storyboard; name = Base; path = Base.lproj/Main.storyboard; sourceTree = "<group>"; };
		F47230F724B83EB000922E24 /* Assets.xcassets */ = {isa = PBXFileReference; lastKnownFileType = folder.assetcatalog; path = Assets.xcassets; sourceTree = "<group>"; };
		F47230FA24B83EB000922E24 /* Base */ = {isa = PBXFileReference; lastKnownFileType = file.storyboard; name = Base; path = Base.lproj/LaunchScreen.storyboard; sourceTree = "<group>"; };
		F47230FC24B83EB000922E24 /* Info.plist */ = {isa = PBXFileReference; lastKnownFileType = text.plist.xml; path = Info.plist; sourceTree = "<group>"; };
		F47B16C224D3E86800A48414 /* ItemsTableViewController.swift */ = {isa = PBXFileReference; lastKnownFileType = sourcecode.swift; path = ItemsTableViewController.swift; sourceTree = "<group>"; };
		F47B16C624D4155400A48414 /* Item.swift */ = {isa = PBXFileReference; lastKnownFileType = sourcecode.swift; path = Item.swift; sourceTree = "<group>"; };
		F490BD0B24D10D1300C26C9E /* CategoryCollectionViewController.swift */ = {isa = PBXFileReference; lastKnownFileType = sourcecode.swift; path = CategoryCollectionViewController.swift; sourceTree = "<group>"; };
		F490BD0D24D10F3300C26C9E /* CategoryCollectionViewCell.swift */ = {isa = PBXFileReference; lastKnownFileType = sourcecode.swift; path = CategoryCollectionViewCell.swift; sourceTree = "<group>"; };
		F490BD0F24D1109C00C26C9E /* GoogleService-Info.plist */ = {isa = PBXFileReference; fileEncoding = 4; lastKnownFileType = text.plist.xml; path = "GoogleService-Info.plist"; sourceTree = "<group>"; };
		F490BD1124D114CF00C26C9E /* FirebaseCollectionReference.swift */ = {isa = PBXFileReference; lastKnownFileType = sourcecode.swift; path = FirebaseCollectionReference.swift; sourceTree = "<group>"; };
		F490BD1724D1176800C26C9E /* Category.swift */ = {isa = PBXFileReference; lastKnownFileType = sourcecode.swift; path = Category.swift; sourceTree = "<group>"; };
		F490BD1924D1193300C26C9E /* Constants.swift */ = {isa = PBXFileReference; lastKnownFileType = sourcecode.swift; path = Constants.swift; sourceTree = "<group>"; };
/* End PBXFileReference section */

/* Begin PBXFrameworksBuildPhase section */
		F47230E824B83EAF00922E24 /* Frameworks */ = {
			isa = PBXFrameworksBuildPhase;
			buildActionMask = 2147483647;
			files = (
				D8A9A60E92CB191E8A88F4BB /* Pods_eShop.framework in Frameworks */,
			);
			runOnlyForDeploymentPostprocessing = 0;
		};
/* End PBXFrameworksBuildPhase section */

/* Begin PBXGroup section */
		7793EC681FD5B219970F7427 /* Pods */ = {
			isa = PBXGroup;
			children = (
				36CD50F5C39582EF68601AB6 /* Pods-eShop.debug.xcconfig */,
				888B62E0CF29874E25586319 /* Pods-eShop.release.xcconfig */,
			);
			path = Pods;
			sourceTree = "<group>";
		};
		90D2B74D9D62CEFA75519911 /* Frameworks */ = {
			isa = PBXGroup;
			children = (
				E1A7AD85FC49855E97511D5A /* Pods_eShop.framework */,
			);
			name = Frameworks;
			sourceTree = "<group>";
		};
		F47230E224B83EAF00922E24 = {
			isa = PBXGroup;
			children = (
				F47230ED24B83EAF00922E24 /* eShop */,
				F47230EC24B83EAF00922E24 /* Products */,
				7793EC681FD5B219970F7427 /* Pods */,
				90D2B74D9D62CEFA75519911 /* Frameworks */,
			);
			sourceTree = "<group>";
		};
		F47230EC24B83EAF00922E24 /* Products */ = {
			isa = PBXGroup;
			children = (
				F47230EB24B83EAF00922E24 /* eShop.app */,
			);
			name = Products;
			sourceTree = "<group>";
		};
		F47230ED24B83EAF00922E24 /* eShop */ = {
			isa = PBXGroup;
			children = (
				F47230EE24B83EAF00922E24 /* AppDelegate.swift */,
				F47230F024B83EAF00922E24 /* SceneDelegate.swift */,
				F490BD1624D1174B00C26C9E /* Models */,
				F490BD1524D116EC00C26C9E /* Helpers */,
				F490BD1424D116E100C26C9E /* CustomCells */,
				F490BD1324D116DA00C26C9E /* MainViews */,
				F47230F424B83EAF00922E24 /* Main.storyboard */,
				F47230F724B83EB000922E24 /* Assets.xcassets */,
				F47230F924B83EB000922E24 /* LaunchScreen.storyboard */,
				F47230FC24B83EB000922E24 /* Info.plist */,
				F490BD0F24D1109C00C26C9E /* GoogleService-Info.plist */,
			);
			path = eShop;
			sourceTree = "<group>";
		};
		F490BD1324D116DA00C26C9E /* MainViews */ = {
			isa = PBXGroup;
			children = (
				F490BD0B24D10D1300C26C9E /* CategoryCollectionViewController.swift */,
				F47B16C224D3E86800A48414 /* ItemsTableViewController.swift */,
			);
			path = MainViews;
			sourceTree = "<group>";
		};
		F490BD1424D116E100C26C9E /* CustomCells */ = {
			isa = PBXGroup;
			children = (
				F490BD0D24D10F3300C26C9E /* CategoryCollectionViewCell.swift */,
			);
			path = CustomCells;
			sourceTree = "<group>";
		};
		F490BD1524D116EC00C26C9E /* Helpers */ = {
			isa = PBXGroup;
			children = (
				F490BD1124D114CF00C26C9E /* FirebaseCollectionReference.swift */,
				F490BD1924D1193300C26C9E /* Constants.swift */,
			);
			path = Helpers;
			sourceTree = "<group>";
		};
		F490BD1624D1174B00C26C9E /* Models */ = {
			isa = PBXGroup;
			children = (
				F490BD1724D1176800C26C9E /* Category.swift */,
				F47B16C624D4155400A48414 /* Item.swift */,
			);
			path = Models;
			sourceTree = "<group>";
		};
/* End PBXGroup section */

/* Begin PBXNativeTarget section */
		F47230EA24B83EAF00922E24 /* eShop */ = {
			isa = PBXNativeTarget;
			buildConfigurationList = F47230FF24B83EB000922E24 /* Build configuration list for PBXNativeTarget "eShop" */;
			buildPhases = (
				179580023C675C184D707A42 /* [CP] Check Pods Manifest.lock */,
				F47230E724B83EAF00922E24 /* Sources */,
				F47230E824B83EAF00922E24 /* Frameworks */,
				F47230E924B83EAF00922E24 /* Resources */,
				0A22968785773A0F0D84D4DA /* [CP] Embed Pods Frameworks */,
			);
			buildRules = (
			);
			dependencies = (
			);
			name = eShop;
			productName = eShop;
			productReference = F47230EB24B83EAF00922E24 /* eShop.app */;
			productType = "com.apple.product-type.application";
		};
/* End PBXNativeTarget section */

/* Begin PBXProject section */
		F47230E324B83EAF00922E24 /* Project object */ = {
			isa = PBXProject;
			attributes = {
				LastSwiftUpdateCheck = 1150;
				LastUpgradeCheck = 1150;
				ORGANIZATIONNAME = Long;
				TargetAttributes = {
					F47230EA24B83EAF00922E24 = {
						CreatedOnToolsVersion = 11.5;
					};
				};
			};
			buildConfigurationList = F47230E624B83EAF00922E24 /* Build configuration list for PBXProject "eShop" */;
			compatibilityVersion = "Xcode 9.3";
			developmentRegion = en;
			hasScannedForEncodings = 0;
			knownRegions = (
				en,
				Base,
			);
			mainGroup = F47230E224B83EAF00922E24;
			productRefGroup = F47230EC24B83EAF00922E24 /* Products */;
			projectDirPath = "";
			projectRoot = "";
			targets = (
				F47230EA24B83EAF00922E24 /* eShop */,
			);
		};
/* End PBXProject section */

/* Begin PBXResourcesBuildPhase section */
		F47230E924B83EAF00922E24 /* Resources */ = {
			isa = PBXResourcesBuildPhase;
			buildActionMask = 2147483647;
			files = (
				F47230FB24B83EB000922E24 /* LaunchScreen.storyboard in Resources */,
				F490BD1024D1109C00C26C9E /* GoogleService-Info.plist in Resources */,
				F47230F824B83EB000922E24 /* Assets.xcassets in Resources */,
				F47230F624B83EAF00922E24 /* Main.storyboard in Resources */,
			);
			runOnlyForDeploymentPostprocessing = 0;
		};
/* End PBXResourcesBuildPhase section */

/* Begin PBXShellScriptBuildPhase section */
		0A22968785773A0F0D84D4DA /* [CP] Embed Pods Frameworks */ = {
			isa = PBXShellScriptBuildPhase;
			buildActionMask = 2147483647;
			files = (
			);
			inputFileListPaths = (
				"${PODS_ROOT}/Target Support Files/Pods-eShop/Pods-eShop-frameworks-${CONFIGURATION}-input-files.xcfilelist",
			);
			name = "[CP] Embed Pods Frameworks";
			outputFileListPaths = (
				"${PODS_ROOT}/Target Support Files/Pods-eShop/Pods-eShop-frameworks-${CONFIGURATION}-output-files.xcfilelist",
			);
			runOnlyForDeploymentPostprocessing = 0;
			shellPath = /bin/sh;
			shellScript = "\"${PODS_ROOT}/Target Support Files/Pods-eShop/Pods-eShop-frameworks.sh\"\n";
			showEnvVarsInLog = 0;
		};
		179580023C675C184D707A42 /* [CP] Check Pods Manifest.lock */ = {
			isa = PBXShellScriptBuildPhase;
			buildActionMask = 2147483647;
			files = (
			);
			inputFileListPaths = (
			);
			inputPaths = (
				"${PODS_PODFILE_DIR_PATH}/Podfile.lock",
				"${PODS_ROOT}/Manifest.lock",
			);
			name = "[CP] Check Pods Manifest.lock";
			outputFileListPaths = (
			);
			outputPaths = (
				"$(DERIVED_FILE_DIR)/Pods-eShop-checkManifestLockResult.txt",
			);
			runOnlyForDeploymentPostprocessing = 0;
			shellPath = /bin/sh;
			shellScript = "diff \"${PODS_PODFILE_DIR_PATH}/Podfile.lock\" \"${PODS_ROOT}/Manifest.lock\" > /dev/null\nif [ $? != 0 ] ; then\n    # print error to STDERR\n    echo \"error: The sandbox is not in sync with the Podfile.lock. Run 'pod install' or update your CocoaPods installation.\" >&2\n    exit 1\nfi\n# This output is used by Xcode 'outputs' to avoid re-running this script phase.\necho \"SUCCESS\" > \"${SCRIPT_OUTPUT_FILE_0}\"\n";
			showEnvVarsInLog = 0;
		};
/* End PBXShellScriptBuildPhase section */

/* Begin PBXSourcesBuildPhase section */
		F47230E724B83EAF00922E24 /* Sources */ = {
			isa = PBXSourcesBuildPhase;
			buildActionMask = 2147483647;
			files = (
				F490BD1224D114CF00C26C9E /* FirebaseCollectionReference.swift in Sources */,
				F47B16C724D4155400A48414 /* Item.swift in Sources */,
				F490BD0E24D10F3300C26C9E /* CategoryCollectionViewCell.swift in Sources */,
				F47B16C324D3E86800A48414 /* ItemsTableViewController.swift in Sources */,
				F47230EF24B83EAF00922E24 /* AppDelegate.swift in Sources */,
				F490BD0C24D10D1300C26C9E /* CategoryCollectionViewController.swift in Sources */,
				F490BD1A24D1193300C26C9E /* Constants.swift in Sources */,
				F47230F124B83EAF00922E24 /* SceneDelegate.swift in Sources */,
				F490BD1824D1176800C26C9E /* Category.swift in Sources */,
			);
			runOnlyForDeploymentPostprocessing = 0;
		};
/* End PBXSourcesBuildPhase section */

/* Begin PBXVariantGroup section */
		F47230F424B83EAF00922E24 /* Main.storyboard */ = {
			isa = PBXVariantGroup;
			children = (
				F47230F524B83EAF00922E24 /* Base */,
			);
			name = Main.storyboard;
			sourceTree = "<group>";
		};
		F47230F924B83EB000922E24 /* LaunchScreen.storyboard */ = {
			isa = PBXVariantGroup;
			children = (
				F47230FA24B83EB000922E24 /* Base */,
			);
			name = LaunchScreen.storyboard;
			sourceTree = "<group>";
		};
/* End PBXVariantGroup section */

/* Begin XCBuildConfiguration section */
		F47230FD24B83EB000922E24 /* Debug */ = {
			isa = XCBuildConfiguration;
			buildSettings = {
				ALWAYS_SEARCH_USER_PATHS = NO;
				CLANG_ANALYZER_NONNULL = YES;
				CLANG_ANALYZER_NUMBER_OBJECT_CONVERSION = YES_AGGRESSIVE;
				CLANG_CXX_LANGUAGE_STANDARD = "gnu++14";
				CLANG_CXX_LIBRARY = "libc++";
				CLANG_ENABLE_MODULES = YES;
				CLANG_ENABLE_OBJC_ARC = YES;
				CLANG_ENABLE_OBJC_WEAK = YES;
				CLANG_WARN_BLOCK_CAPTURE_AUTORELEASING = YES;
				CLANG_WARN_BOOL_CONVERSION = YES;
				CLANG_WARN_COMMA = YES;
				CLANG_WARN_CONSTANT_CONVERSION = YES;
				CLANG_WARN_DEPRECATED_OBJC_IMPLEMENTATIONS = YES;
				CLANG_WARN_DIRECT_OBJC_ISA_USAGE = YES_ERROR;
				CLANG_WARN_DOCUMENTATION_COMMENTS = YES;
				CLANG_WARN_EMPTY_BODY = YES;
				CLANG_WARN_ENUM_CONVERSION = YES;
				CLANG_WARN_INFINITE_RECURSION = YES;
				CLANG_WARN_INT_CONVERSION = YES;
				CLANG_WARN_NON_LITERAL_NULL_CONVERSION = YES;
				CLANG_WARN_OBJC_IMPLICIT_RETAIN_SELF = YES;
				CLANG_WARN_OBJC_LITERAL_CONVERSION = YES;
				CLANG_WARN_OBJC_ROOT_CLASS = YES_ERROR;
				CLANG_WARN_RANGE_LOOP_ANALYSIS = YES;
				CLANG_WARN_STRICT_PROTOTYPES = YES;
				CLANG_WARN_SUSPICIOUS_MOVE = YES;
				CLANG_WARN_UNGUARDED_AVAILABILITY = YES_AGGRESSIVE;
				CLANG_WARN_UNREACHABLE_CODE = YES;
				CLANG_WARN__DUPLICATE_METHOD_MATCH = YES;
				COPY_PHASE_STRIP = NO;
				DEBUG_INFORMATION_FORMAT = dwarf;
				ENABLE_STRICT_OBJC_MSGSEND = YES;
				ENABLE_TESTABILITY = YES;
				GCC_C_LANGUAGE_STANDARD = gnu11;
				GCC_DYNAMIC_NO_PIC = NO;
				GCC_NO_COMMON_BLOCKS = YES;
				GCC_OPTIMIZATION_LEVEL = 0;
				GCC_PREPROCESSOR_DEFINITIONS = (
					"DEBUG=1",
					"$(inherited)",
				);
				GCC_WARN_64_TO_32_BIT_CONVERSION = YES;
				GCC_WARN_ABOUT_RETURN_TYPE = YES_ERROR;
				GCC_WARN_UNDECLARED_SELECTOR = YES;
				GCC_WARN_UNINITIALIZED_AUTOS = YES_AGGRESSIVE;
				GCC_WARN_UNUSED_FUNCTION = YES;
				GCC_WARN_UNUSED_VARIABLE = YES;
				IPHONEOS_DEPLOYMENT_TARGET = 13.5;
				MTL_ENABLE_DEBUG_INFO = INCLUDE_SOURCE;
				MTL_FAST_MATH = YES;
				ONLY_ACTIVE_ARCH = YES;
				SDKROOT = iphoneos;
				SWIFT_ACTIVE_COMPILATION_CONDITIONS = DEBUG;
				SWIFT_OPTIMIZATION_LEVEL = "-Onone";
			};
			name = Debug;
		};
		F47230FE24B83EB000922E24 /* Release */ = {
			isa = XCBuildConfiguration;
			buildSettings = {
				ALWAYS_SEARCH_USER_PATHS = NO;
				CLANG_ANALYZER_NONNULL = YES;
				CLANG_ANALYZER_NUMBER_OBJECT_CONVERSION = YES_AGGRESSIVE;
				CLANG_CXX_LANGUAGE_STANDARD = "gnu++14";
				CLANG_CXX_LIBRARY = "libc++";
				CLANG_ENABLE_MODULES = YES;
				CLANG_ENABLE_OBJC_ARC = YES;
				CLANG_ENABLE_OBJC_WEAK = YES;
				CLANG_WARN_BLOCK_CAPTURE_AUTORELEASING = YES;
				CLANG_WARN_BOOL_CONVERSION = YES;
				CLANG_WARN_COMMA = YES;
				CLANG_WARN_CONSTANT_CONVERSION = YES;
				CLANG_WARN_DEPRECATED_OBJC_IMPLEMENTATIONS = YES;
				CLANG_WARN_DIRECT_OBJC_ISA_USAGE = YES_ERROR;
				CLANG_WARN_DOCUMENTATION_COMMENTS = YES;
				CLANG_WARN_EMPTY_BODY = YES;
				CLANG_WARN_ENUM_CONVERSION = YES;
				CLANG_WARN_INFINITE_RECURSION = YES;
				CLANG_WARN_INT_CONVERSION = YES;
				CLANG_WARN_NON_LITERAL_NULL_CONVERSION = YES;
				CLANG_WARN_OBJC_IMPLICIT_RETAIN_SELF = YES;
				CLANG_WARN_OBJC_LITERAL_CONVERSION = YES;
				CLANG_WARN_OBJC_ROOT_CLASS = YES_ERROR;
				CLANG_WARN_RANGE_LOOP_ANALYSIS = YES;
				CLANG_WARN_STRICT_PROTOTYPES = YES;
				CLANG_WARN_SUSPICIOUS_MOVE = YES;
				CLANG_WARN_UNGUARDED_AVAILABILITY = YES_AGGRESSIVE;
				CLANG_WARN_UNREACHABLE_CODE = YES;
				CLANG_WARN__DUPLICATE_METHOD_MATCH = YES;
				COPY_PHASE_STRIP = NO;
				DEBUG_INFORMATION_FORMAT = "dwarf-with-dsym";
				ENABLE_NS_ASSERTIONS = NO;
				ENABLE_STRICT_OBJC_MSGSEND = YES;
				GCC_C_LANGUAGE_STANDARD = gnu11;
				GCC_NO_COMMON_BLOCKS = YES;
				GCC_WARN_64_TO_32_BIT_CONVERSION = YES;
				GCC_WARN_ABOUT_RETURN_TYPE = YES_ERROR;
				GCC_WARN_UNDECLARED_SELECTOR = YES;
				GCC_WARN_UNINITIALIZED_AUTOS = YES_AGGRESSIVE;
				GCC_WARN_UNUSED_FUNCTION = YES;
				GCC_WARN_UNUSED_VARIABLE = YES;
				IPHONEOS_DEPLOYMENT_TARGET = 13.5;
				MTL_ENABLE_DEBUG_INFO = NO;
				MTL_FAST_MATH = YES;
				SDKROOT = iphoneos;
				SWIFT_COMPILATION_MODE = wholemodule;
				SWIFT_OPTIMIZATION_LEVEL = "-O";
				VALIDATE_PRODUCT = YES;
			};
			name = Release;
		};
		F472310024B83EB000922E24 /* Debug */ = {
			isa = XCBuildConfiguration;
			baseConfigurationReference = 36CD50F5C39582EF68601AB6 /* Pods-eShop.debug.xcconfig */;
			buildSettings = {
				ASSETCATALOG_COMPILER_APPICON_NAME = AppIcon;
				CODE_SIGN_STYLE = Automatic;
				DEVELOPMENT_TEAM = VHB45V7L4U;
				INFOPLIST_FILE = eShop/Info.plist;
				LD_RUNPATH_SEARCH_PATHS = (
					"$(inherited)",
					"@executable_path/Frameworks",
				);
				PRODUCT_BUNDLE_IDENTIFIER = co.jp.eShop;
				PRODUCT_NAME = "$(TARGET_NAME)";
				SWIFT_VERSION = 5.0;
				TARGETED_DEVICE_FAMILY = "1,2";
			};
			name = Debug;
		};
		F472310124B83EB000922E24 /* Release */ = {
			isa = XCBuildConfiguration;
			baseConfigurationReference = 888B62E0CF29874E25586319 /* Pods-eShop.release.xcconfig */;
			buildSettings = {
				ASSETCATALOG_COMPILER_APPICON_NAME = AppIcon;
				CODE_SIGN_STYLE = Automatic;
				DEVELOPMENT_TEAM = VHB45V7L4U;
				INFOPLIST_FILE = eShop/Info.plist;
				LD_RUNPATH_SEARCH_PATHS = (
					"$(inherited)",
					"@executable_path/Frameworks",
				);
				PRODUCT_BUNDLE_IDENTIFIER = co.jp.eShop;
				PRODUCT_NAME = "$(TARGET_NAME)";
				SWIFT_VERSION = 5.0;
				TARGETED_DEVICE_FAMILY = "1,2";
			};
			name = Release;
		};
/* End XCBuildConfiguration section */

/* Begin XCConfigurationList section */
		F47230E624B83EAF00922E24 /* Build configuration list for PBXProject "eShop" */ = {
			isa = XCConfigurationList;
			buildConfigurations = (
				F47230FD24B83EB000922E24 /* Debug */,
				F47230FE24B83EB000922E24 /* Release */,
			);
			defaultConfigurationIsVisible = 0;
			defaultConfigurationName = Release;
		};
		F47230FF24B83EB000922E24 /* Build configuration list for PBXNativeTarget "eShop" */ = {
			isa = XCConfigurationList;
			buildConfigurations = (
				F472310024B83EB000922E24 /* Debug */,
				F472310124B83EB000922E24 /* Release */,
			);
			defaultConfigurationIsVisible = 0;
			defaultConfigurationName = Release;
		};
/* End XCConfigurationList section */
	};
	rootObject = F47230E324B83EAF00922E24 /* Project object */;
}
